{
  "name": "DemoBot",
  "lockfileVersion": 3,
  "requires": true,
  "packages": {
    "": {
      "dependencies": {
        "@microsoft/teams-app-test-tool": "^0.2.27"
      }
    },
    "node_modules/@microsoft/teams-app-test-tool": {
      "version": "0.2.27",
      "resolved": "https://registry.npmjs.org/@microsoft/teams-app-test-tool/-/teams-app-test-tool-0.2.27.tgz",
      "integrity": "sha512-gTnewTZKyezeqJkFopa/WPwX4bpNBxYVYcOicKhPq8d4kw/UEb2P7DgWeVB21Tf1JDD+1msSe8I3lctFZLRIDQ==",
      "license": "SEE LICENSE IN LICENSE",
      "bin": {
        "agentsplayground": "cli.js",
        "teamsapptester": "cli.js"
      }
    }
  }
}
